
Microsoft Visual Studio Solution File, Format Version 12.00
# Visual Studio Version 16
VisualStudioVersion = 16.0.34114.132
MinimumVisualStudioVersion = 10.0.40219.1
Project("{FAE04EC0-301F-11D3-BF4B-00C04F79EFBC}") = "UserRegistrationApp", "UserRegistrationApp.csproj", "{569E1409-3BA4-485D-BDE7-679FD01A768D}"
EndProject
Global
	GlobalSection(SolutionConfigurationPlatforms) = preSolution
		Debug|Any CPU = Debug|Any CPU
		Release|Any CPU = Release|Any CPU
	EndGlobalSection
	GlobalSection(ProjectConfigurationPlatforms) = postSolution
		{569E1409-3BA4-485D-BDE7-679FD01A768D}.Debug|Any CPU.ActiveCfg = Debug|Any CPU
		{569E1409-3BA4-485D-BDE7-679FD01A768D}.Debug|Any CPU.Build.0 = Debug|Any CPU
		{569E1409-3BA4-485D-BDE7-679FD01A768D}.Release|Any CPU.ActiveCfg = Release|Any CPU
		{569E1409-3BA4-485D-BDE7-679FD01A768D}.Release|Any CPU.Build.0 = Release|Any CPU
	EndGlobalSection
	GlobalSection(SolutionProperties) = preSolution
		HideSolutionNode = FALSE
	EndGlobalSection
	GlobalSection(ExtensibilityGlobals) = postSolution
		SolutionGuid = {B331EA8A-C1BE-483E-9005-BA5A186671AE}
	EndGlobalSection
EndGlobal
